
Microsoft Visual Studio Solution File, Format Version 12.00
# Visual Studio Version 17
VisualStudioVersion = 17.10.34928.147
MinimumVisualStudioVersion = 10.0.40219.1
Project("{FAE04EC0-301F-11D3-BF4B-00C04F79EFBC}") = "Task 2.3", "Task 2.3\Task 2.3.csproj", "{EBB2E604-AA52-4EC8-8D08-ABCF6CF11B49}"
EndProject
Global
	GlobalSection(SolutionConfigurationPlatforms) = preSolution
		Debug|Any CPU = Debug|Any CPU
		Release|Any CPU = Release|Any CPU
	EndGlobalSection
	GlobalSection(ProjectConfigurationPlatforms) = postSolution
		{EBB2E604-AA52-4EC8-8D08-ABCF6CF11B49}.Debug|Any CPU.ActiveCfg = Debug|Any CPU
		{EBB2E604-AA52-4EC8-8D08-ABCF6CF11B49}.Debug|Any CPU.Build.0 = Debug|Any CPU
		{EBB2E604-AA52-4EC8-8D08-ABCF6CF11B49}.Release|Any CPU.ActiveCfg = Release|Any CPU
		{EBB2E604-AA52-4EC8-8D08-ABCF6CF11B49}.Release|Any CPU.Build.0 = Release|Any CPU
	EndGlobalSection
	GlobalSection(SolutionProperties) = preSolution
		HideSolutionNode = FALSE
	EndGlobalSection
	GlobalSection(ExtensibilityGlobals) = postSolution
		SolutionGuid = {A49A5F1F-E718-4CFF-9CB9-F3F09D793219}
	EndGlobalSection
EndGlobal
